
Microsoft Visual Studio Solution File, Format Version 12.00
# Visual Studio Version 17
VisualStudioVersion = 17.14.37111.16
MinimumVisualStudioVersion = 10.0.40219.1
Project("{FAE04EC0-301F-11D3-BF4B-00C04F79EFBC}") = "Model", "Model\Model.csproj", "{4952C424-79A0-4700-B268-83C912C4226A}"
EndProject
Project("{FAE04EC0-301F-11D3-BF4B-00C04F79EFBC}") = "OrderFSM", "OrderFSM\OrderFSM.csproj", "{C0982FA4-8E58-440F-9676-5A6FE5519570}"
EndProject
Project("{FAE04EC0-301F-11D3-BF4B-00C04F79EFBC}") = "TradingPlatform", "TradingPlatform\TradingPlatform.csproj", "{AFB71A9C-EFB5-4217-B4F0-759EC3BBA462}"
EndProject
Project("{FAE04EC0-301F-11D3-BF4B-00C04F79EFBC}") = "OrderGateway", "OrderGateway\OrderGateway.csproj", "{7C1161BF-D986-4138-AEC0-E4ADE7F9A581}"
EndProject
Project("{FAE04EC0-301F-11D3-BF4B-00C04F79EFBC}") = "TradingClient", "TradingClient\TradingClient.csproj", "{10FA679E-9458-9137-3B6F-89D884220AD5}"
EndProject
Project("{FAE04EC0-301F-11D3-BF4B-00C04F79EFBC}") = "OrderManagementSystem", "OrderManagementSystem\OrderManagementSystem.csproj", "{0DCE1346-C511-452E-84F6-4AADC3C7F7C1}"
EndProject
Project("{FAE04EC0-301F-11D3-BF4B-00C04F79EFBC}") = "MatchingEngine", "MatchingEngine\MatchingEngine.csproj", "{36000F22-0D35-4276-BF02-F986DC9C09B3}"
EndProject
Project("{FAE04EC0-301F-11D3-BF4B-00C04F79EFBC}") = "Serializer", "Serializer\Serializer.csproj", "{0F99684A-DF48-44AE-A5D7-4DE8CB855BB0}"
EndProject
Project("{FAE04EC0-301F-11D3-BF4B-00C04F79EFBC}") = "Infrastructure", "Infrastructure\Infrastructure.csproj", "{F402DE2A-F01A-49CB-937F-BEAB379859F0}"
EndProject
Global
	GlobalSection(SolutionConfigurationPlatforms) = preSolution
		Debug|Any CPU = Debug|Any CPU
		Release|Any CPU = Release|Any CPU
	EndGlobalSection
	GlobalSection(ProjectConfigurationPlatforms) = postSolution
		{4952C424-79A0-4700-B268-83C912C4226A}.Debug|Any CPU.ActiveCfg = Debug|Any CPU
		{4952C424-79A0-4700-B268-83C912C4226A}.Debug|Any CPU.Build.0 = Debug|Any CPU
		{4952C424-79A0-4700-B268-83C912C4226A}.Release|Any CPU.ActiveCfg = Release|Any CPU
		{4952C424-79A0-4700-B268-83C912C4226A}.Release|Any CPU.Build.0 = Release|Any CPU
		{C0982FA4-8E58-440F-9676-5A6FE5519570}.Debug|Any CPU.ActiveCfg = Debug|Any CPU
		{C0982FA4-8E58-440F-9676-5A6FE5519570}.Debug|Any CPU.Build.0 = Debug|Any CPU
		{C0982FA4-8E58-440F-9676-5A6FE5519570}.Release|Any CPU.ActiveCfg = Release|Any CPU
		{C0982FA4-8E58-440F-9676-5A6FE5519570}.Release|Any CPU.Build.0 = Release|Any CPU
		{AFB71A9C-EFB5-4217-B4F0-759EC3BBA462}.Debug|Any CPU.ActiveCfg = Debug|Any CPU
		{AFB71A9C-EFB5-4217-B4F0-759EC3BBA462}.Debug|Any CPU.Build.0 = Debug|Any CPU
		{AFB71A9C-EFB5-4217-B4F0-759EC3BBA462}.Release|Any CPU.ActiveCfg = Release|Any CPU
		{AFB71A9C-EFB5-4217-B4F0-759EC3BBA462}.Release|Any CPU.Build.0 = Release|Any CPU
		{7C1161BF-D986-4138-AEC0-E4ADE7F9A581}.Debug|Any CPU.ActiveCfg = Debug|Any CPU
		{7C1161BF-D986-4138-AEC0-E4ADE7F9A581}.Debug|Any CPU.Build.0 = Debug|Any CPU
		{7C1161BF-D986-4138-AEC0-E4ADE7F9A581}.Release|Any CPU.ActiveCfg = Release|Any CPU
		{7C1161BF-D986-4138-AEC0-E4ADE7F9A581}.Release|Any CPU.Build.0 = Release|Any CPU
		{10FA679E-9458-9137-3B6F-89D884220AD5}.Debug|Any CPU.ActiveCfg = Debug|Any CPU
		{10FA679E-9458-9137-3B6F-89D884220AD5}.Debug|Any CPU.Build.0 = Debug|Any CPU
		{10FA679E-9458-9137-3B6F-89D884220AD5}.Release|Any CPU.ActiveCfg = Release|Any CPU
		{10FA679E-9458-9137-3B6F-89D884220AD5}.Release|Any CPU.Build.0 = Release|Any CPU
		{0DCE1346-C511-452E-84F6-4AADC3C7F7C1}.Debug|Any CPU.ActiveCfg = Debug|Any CPU
		{0DCE1346-C511-452E-84F6-4AADC3C7F7C1}.Debug|Any CPU.Build.0 = Debug|Any CPU
		{0DCE1346-C511-452E-84F6-4AADC3C7F7C1}.Release|Any CPU.ActiveCfg = Release|Any CPU
		{0DCE1346-C511-452E-84F6-4AADC3C7F7C1}.Release|Any CPU.Build.0 = Release|Any CPU
		{36000F22-0D35-4276-BF02-F986DC9C09B3}.Debug|Any CPU.ActiveCfg = Debug|Any CPU
		{36000F22-0D35-4276-BF02-F986DC9C09B3}.Debug|Any CPU.Build.0 = Debug|Any CPU
		{36000F22-0D35-4276-BF02-F986DC9C09B3}.Release|Any CPU.ActiveCfg = Release|Any CPU
		{36000F22-0D35-4276-BF02-F986DC9C09B3}.Release|Any CPU.Build.0 = Release|Any CPU
		{0F99684A-DF48-44AE-A5D7-4DE8CB855BB0}.Debug|Any CPU.ActiveCfg = Debug|Any CPU
		{0F99684A-DF48-44AE-A5D7-4DE8CB855BB0}.Debug|Any CPU.Build.0 = Debug|Any CPU
		{0F99684A-DF48-44AE-A5D7-4DE8CB855BB0}.Release|Any CPU.ActiveCfg = Release|Any CPU
		{0F99684A-DF48-44AE-A5D7-4DE8CB855BB0}.Release|Any CPU.Build.0 = Release|Any CPU
		{F402DE2A-F01A-49CB-937F-BEAB379859F0}.Debug|Any CPU.ActiveCfg = Debug|Any CPU
		{F402DE2A-F01A-49CB-937F-BEAB379859F0}.Debug|Any CPU.Build.0 = Debug|Any CPU
		{F402DE2A-F01A-49CB-937F-BEAB379859F0}.Release|Any CPU.ActiveCfg = Release|Any CPU
		{F402DE2A-F01A-49CB-937F-BEAB379859F0}.Release|Any CPU.Build.0 = Release|Any CPU
	EndGlobalSection
	GlobalSection(SolutionProperties) = preSolution
		HideSolutionNode = FALSE
	EndGlobalSection
	GlobalSection(ExtensibilityGlobals) = postSolution
		SolutionGuid = {DBBBF5C2-AA11-4B41-996B-7F35000F8C3B}
	EndGlobalSection
EndGlobal
